
Microsoft Visual Studio Solution File, Format Version 12.00
# Visual Studio Version 17
VisualStudioVersion = 17.3.32922.545
MinimumVisualStudioVersion = 10.0.40219.1
Project("{9A19103F-16F7-4668-BE54-9A1E7A4F7556}") = "GUnJammer", "GUnJammer\GUnJammer.csproj", "{CE29D5DB-0EB5-4982-85B4-B441403C1466}"
EndProject
Global
	GlobalSection(SolutionConfigurationPlatforms) = preSolution
		Debug|Any CPU = Debug|Any CPU
		Release|Any CPU = Release|Any CPU
	EndGlobalSection
	GlobalSection(ProjectConfigurationPlatforms) = postSolution
		{CE29D5DB-0EB5-4982-85B4-B441403C1466}.Debug|Any CPU.ActiveCfg = Debug|Any CPU
		{CE29D5DB-0EB5-4982-85B4-B441403C1466}.Debug|Any CPU.Build.0 = Debug|Any CPU
		{CE29D5DB-0EB5-4982-85B4-B441403C1466}.Release|Any CPU.ActiveCfg = Release|Any CPU
		{CE29D5DB-0EB5-4982-85B4-B441403C1466}.Release|Any CPU.Build.0 = Release|Any CPU
	EndGlobalSection
	GlobalSection(SolutionProperties) = preSolution
		HideSolutionNode = FALSE
	EndGlobalSection
	GlobalSection(ExtensibilityGlobals) = postSolution
		SolutionGuid = {74568415-DF3A-461C-ABB9-7D63B325FBBD}
	EndGlobalSection
EndGlobal
